
Microsoft Visual Studio Solution File, Format Version 12.00
# Visual Studio 15
VisualStudioVersion = 15.0.28307.1259
MinimumVisualStudioVersion = 10.0.40219.1
Project("{FAE04EC0-301F-11D3-BF4B-00C04F79EFBC}") = "ClientProxy-P4-20180140004", "ClientProxy-P4-20180140004\ClientProxy-P4-20180140004.csproj", "{829F3F21-3574-4751-8DA6-8B8FD7FB31D7}"
EndProject
Global
	GlobalSection(SolutionConfigurationPlatforms) = preSolution
		Debug|Any CPU = Debug|Any CPU
		Release|Any CPU = Release|Any CPU
	EndGlobalSection
	GlobalSection(ProjectConfigurationPlatforms) = postSolution
		{829F3F21-3574-4751-8DA6-8B8FD7FB31D7}.Debug|Any CPU.ActiveCfg = Debug|Any CPU
		{829F3F21-3574-4751-8DA6-8B8FD7FB31D7}.Debug|Any CPU.Build.0 = Debug|Any CPU
		{829F3F21-3574-4751-8DA6-8B8FD7FB31D7}.Release|Any CPU.ActiveCfg = Release|Any CPU
		{829F3F21-3574-4751-8DA6-8B8FD7FB31D7}.Release|Any CPU.Build.0 = Release|Any CPU
	EndGlobalSection
	GlobalSection(SolutionProperties) = preSolution
		HideSolutionNode = FALSE
	EndGlobalSection
	GlobalSection(ExtensibilityGlobals) = postSolution
		SolutionGuid = {63BD985D-303B-4633-B5E6-957EB2CE8F95}
	EndGlobalSection
EndGlobal
